{
  "originHash" : "60b985501b632a5bbef4e83d3e7813be289f806cd2ef0b6a5954aeeec81d3f28",
  "pins" : [
    {
      "identity" : "midikit",
      "kind" : "remoteSourceControl",
      "location" : "https://github.com/orchetect/MIDIKit",
      "state" : {
        "revision" : "8af8007269daea0d0cb3788427e63acd04a31a3b",
        "version" : "0.10.7"
      }
    },
    {
      "identity" : "starscream",
      "kind" : "remoteSourceControl",
      "location" : "https://github.com/daltoniam/Starscream",
      "state" : {
        "revision" : "c6bfd1af48efcc9a9ad203665db12375ba6b145a",
        "version" : "4.0.8"
      }
    },
    {
      "identity" : "swift-argument-parser",
      "kind" : "remoteSourceControl",
      "location" : "https://github.com/apple/swift-argument-parser.git",
      "state" : {
        "revision" : "46989693916f56d1186bd59ac15124caef896560",
        "version" : "1.3.1"
      }
    },
    {
      "identity" : "swift-timecode",
      "kind" : "remoteSourceControl",
      "location" : "https://github.com/orchetect/swift-timecode",
      "state" : {
        "revision" : "f9a9e88c8e4c38b1b29d3db8130e1f07112e8b9e",
        "version" : "3.0.0"
      }
    },
    {
      "identity" : "swiftserial",
      "kind" : "remoteSourceControl",
      "location" : "https://github.com/mredig/SwiftSerial",
      "state" : {
        "revision" : "764bf55dc7667f665934ce69d63211471bf55b0f",
        "version" : "0.1.5"
      }
    }
  ],
  "version" : 3
}
