{
  "originHash" : "e1af83a70ae05e2cd9b19e4f7e38ee678d0b0b87700364d16f302f2814a3e282",
  "pins" : [
    {
      "identity" : "swift-argument-parser",
      "kind" : "remoteSourceControl",
      "location" : "https://github.com/apple/swift-argument-parser.git",
      "state" : {
        "revision" : "46989693916f56d1186bd59ac15124caef896560",
        "version" : "1.3.1"
      }
    },
    {
      "identity" : "swiftserial",
      "kind" : "remoteSourceControl",
      "location" : "https://github.com/mredig/SwiftSerial",
      "state" : {
        "revision" : "764bf55dc7667f665934ce69d63211471bf55b0f",
        "version" : "0.1.5"
      }
    }
  ],
  "version" : 3
}
